
Microsoft Visual Studio Solution File, Format Version 12.00
# Visual Studio Version 17
VisualStudioVersion = 17.8.34408.163
MinimumVisualStudioVersion = 10.0.40219.1
Project("{FAE04EC0-301F-11D3-BF4B-00C04F79EFBC}") = "IT.WebServices.ECommerce.Shopify.Services", "IT.WebServices.ECommerce.Shopify.Services.csproj", "{CC5D5736-185E-4734-9AE8-65AB080B5915}"
	ProjectSection(ProjectDependencies) = postProject
		{F1A7A26C-951E-4AA0-AFBB-D75E836A1B0F} = {F1A7A26C-951E-4AA0-AFBB-D75E836A1B0F}
	EndProjectSection
EndProject
Project("{9A19103F-16F7-4668-BE54-9A1E7A4F7556}") = "IT.WebServices.Fragments", "..\..\..\Fragments\IT.WebServices.Fragments.csproj", "{F1A7A26C-951E-4AA0-AFBB-D75E836A1B0F}"
EndProject
Global
	GlobalSection(SolutionConfigurationPlatforms) = preSolution
		Debug|Any CPU = Debug|Any CPU
		Release|Any CPU = Release|Any CPU
	EndGlobalSection
	GlobalSection(ProjectConfigurationPlatforms) = postSolution
		{CC5D5736-185E-4734-9AE8-65AB080B5915}.Debug|Any CPU.ActiveCfg = Debug|Any CPU
		{CC5D5736-185E-4734-9AE8-65AB080B5915}.Debug|Any CPU.Build.0 = Debug|Any CPU
		{CC5D5736-185E-4734-9AE8-65AB080B5915}.Release|Any CPU.ActiveCfg = Release|Any CPU
		{CC5D5736-185E-4734-9AE8-65AB080B5915}.Release|Any CPU.Build.0 = Release|Any CPU
		{F1A7A26C-951E-4AA0-AFBB-D75E836A1B0F}.Debug|Any CPU.ActiveCfg = Debug|Any CPU
		{F1A7A26C-951E-4AA0-AFBB-D75E836A1B0F}.Debug|Any CPU.Build.0 = Debug|Any CPU
		{F1A7A26C-951E-4AA0-AFBB-D75E836A1B0F}.Release|Any CPU.ActiveCfg = Release|Any CPU
		{F1A7A26C-951E-4AA0-AFBB-D75E836A1B0F}.Release|Any CPU.Build.0 = Release|Any CPU
	EndGlobalSection
	GlobalSection(SolutionProperties) = preSolution
		HideSolutionNode = FALSE
	EndGlobalSection
	GlobalSection(ExtensibilityGlobals) = postSolution
		SolutionGuid = {426FCE22-5059-4019-9FF2-42651F3D7521}
	EndGlobalSection
EndGlobal
